
Microsoft Visual Studio Solution File, Format Version 12.00
# Visual Studio Version 16
VisualStudioVersion = 16.0.29411.108
MinimumVisualStudioVersion = 10.0.40219.1
Project("{FAE04EC0-301F-11D3-BF4B-00C04F79EFBC}") = "WindowsFormsApp1", "WindowsFormsApp1.csproj", "{94C7C381-7E39-426F-B134-AC7A3769A9FA}"
EndProject
Project("{FAE04EC0-301F-11D3-BF4B-00C04F79EFBC}") = "test_editTitle", "..\test_editTitle\test_editTitle.csproj", "{0A4B1A9F-1423-4EB7-B384-20E98C5A401F}"
EndProject
Project("{FAE04EC0-301F-11D3-BF4B-00C04F79EFBC}") = "test_speech", "..\test_speech\test_speech.csproj", "{1F45F524-0721-4120-86C2-53A324E028BF}"
EndProject
Project("{FAE04EC0-301F-11D3-BF4B-00C04F79EFBC}") = "test_search", "..\test_search\test_search.csproj", "{7EF4D812-C42A-41B4-A017-050923337032}"
EndProject
Project("{FAE04EC0-301F-11D3-BF4B-00C04F79EFBC}") = "browser_javascript_binding", "..\browser_javascript_binding\browser_javascript_binding.csproj", "{E0F038C2-8D3D-4BF9-8A30-0D5A37CEEFB6}"
EndProject
Global
	GlobalSection(SolutionConfigurationPlatforms) = preSolution
		Debug|Any CPU = Debug|Any CPU
		Debug|x64 = Debug|x64
		Debug|x86 = Debug|x86
		Release|Any CPU = Release|Any CPU
		Release|x64 = Release|x64
		Release|x86 = Release|x86
	EndGlobalSection
	GlobalSection(ProjectConfigurationPlatforms) = postSolution
		{94C7C381-7E39-426F-B134-AC7A3769A9FA}.Debug|Any CPU.ActiveCfg = Debug|Any CPU
		{94C7C381-7E39-426F-B134-AC7A3769A9FA}.Debug|Any CPU.Build.0 = Debug|Any CPU
		{94C7C381-7E39-426F-B134-AC7A3769A9FA}.Debug|x64.ActiveCfg = Debug|x64
		{94C7C381-7E39-426F-B134-AC7A3769A9FA}.Debug|x64.Build.0 = Debug|x64
		{94C7C381-7E39-426F-B134-AC7A3769A9FA}.Debug|x86.ActiveCfg = Debug|x86
		{94C7C381-7E39-426F-B134-AC7A3769A9FA}.Debug|x86.Build.0 = Debug|x86
		{94C7C381-7E39-426F-B134-AC7A3769A9FA}.Release|Any CPU.ActiveCfg = Release|Any CPU
		{94C7C381-7E39-426F-B134-AC7A3769A9FA}.Release|Any CPU.Build.0 = Release|Any CPU
		{94C7C381-7E39-426F-B134-AC7A3769A9FA}.Release|x64.ActiveCfg = Release|x64
		{94C7C381-7E39-426F-B134-AC7A3769A9FA}.Release|x64.Build.0 = Release|x64
		{94C7C381-7E39-426F-B134-AC7A3769A9FA}.Release|x86.ActiveCfg = Release|Any CPU
		{94C7C381-7E39-426F-B134-AC7A3769A9FA}.Release|x86.Build.0 = Release|Any CPU
		{0A4B1A9F-1423-4EB7-B384-20E98C5A401F}.Debug|Any CPU.ActiveCfg = Debug|Any CPU
		{0A4B1A9F-1423-4EB7-B384-20E98C5A401F}.Debug|Any CPU.Build.0 = Debug|Any CPU
		{0A4B1A9F-1423-4EB7-B384-20E98C5A401F}.Debug|x64.ActiveCfg = Debug|x64
		{0A4B1A9F-1423-4EB7-B384-20E98C5A401F}.Debug|x86.ActiveCfg = Debug|x86
		{0A4B1A9F-1423-4EB7-B384-20E98C5A401F}.Debug|x86.Build.0 = Debug|x86
		{0A4B1A9F-1423-4EB7-B384-20E98C5A401F}.Release|Any CPU.ActiveCfg = Release|Any CPU
		{0A4B1A9F-1423-4EB7-B384-20E98C5A401F}.Release|Any CPU.Build.0 = Release|Any CPU
		{0A4B1A9F-1423-4EB7-B384-20E98C5A401F}.Release|x64.ActiveCfg = Release|x64
		{0A4B1A9F-1423-4EB7-B384-20E98C5A401F}.Release|x86.ActiveCfg = Release|Any CPU
		{0A4B1A9F-1423-4EB7-B384-20E98C5A401F}.Release|x86.Build.0 = Release|Any CPU
		{1F45F524-0721-4120-86C2-53A324E028BF}.Debug|Any CPU.ActiveCfg = Debug|Any CPU
		{1F45F524-0721-4120-86C2-53A324E028BF}.Debug|Any CPU.Build.0 = Debug|Any CPU
		{1F45F524-0721-4120-86C2-53A324E028BF}.Debug|x64.ActiveCfg = Debug|x64
		{1F45F524-0721-4120-86C2-53A324E028BF}.Debug|x86.ActiveCfg = Debug|x86
		{1F45F524-0721-4120-86C2-53A324E028BF}.Debug|x86.Build.0 = Debug|x86
		{1F45F524-0721-4120-86C2-53A324E028BF}.Release|Any CPU.ActiveCfg = Release|Any CPU
		{1F45F524-0721-4120-86C2-53A324E028BF}.Release|Any CPU.Build.0 = Release|Any CPU
		{1F45F524-0721-4120-86C2-53A324E028BF}.Release|x64.ActiveCfg = Release|x64
		{1F45F524-0721-4120-86C2-53A324E028BF}.Release|x86.ActiveCfg = Release|Any CPU
		{1F45F524-0721-4120-86C2-53A324E028BF}.Release|x86.Build.0 = Release|Any CPU
		{7EF4D812-C42A-41B4-A017-050923337032}.Debug|Any CPU.ActiveCfg = Debug|Any CPU
		{7EF4D812-C42A-41B4-A017-050923337032}.Debug|Any CPU.Build.0 = Debug|Any CPU
		{7EF4D812-C42A-41B4-A017-050923337032}.Debug|x64.ActiveCfg = Debug|x64
		{7EF4D812-C42A-41B4-A017-050923337032}.Debug|x64.Build.0 = Debug|x64
		{7EF4D812-C42A-41B4-A017-050923337032}.Debug|x86.ActiveCfg = Debug|x86
		{7EF4D812-C42A-41B4-A017-050923337032}.Debug|x86.Build.0 = Debug|x86
		{7EF4D812-C42A-41B4-A017-050923337032}.Release|Any CPU.ActiveCfg = Release|Any CPU
		{7EF4D812-C42A-41B4-A017-050923337032}.Release|Any CPU.Build.0 = Release|Any CPU
		{7EF4D812-C42A-41B4-A017-050923337032}.Release|x64.ActiveCfg = Release|x64
		{7EF4D812-C42A-41B4-A017-050923337032}.Release|x86.ActiveCfg = Release|Any CPU
		{7EF4D812-C42A-41B4-A017-050923337032}.Release|x86.Build.0 = Release|Any CPU
		{E0F038C2-8D3D-4BF9-8A30-0D5A37CEEFB6}.Debug|Any CPU.ActiveCfg = Debug|Any CPU
		{E0F038C2-8D3D-4BF9-8A30-0D5A37CEEFB6}.Debug|Any CPU.Build.0 = Debug|Any CPU
		{E0F038C2-8D3D-4BF9-8A30-0D5A37CEEFB6}.Debug|x64.ActiveCfg = Debug|x64
		{E0F038C2-8D3D-4BF9-8A30-0D5A37CEEFB6}.Debug|x86.ActiveCfg = Debug|x86
		{E0F038C2-8D3D-4BF9-8A30-0D5A37CEEFB6}.Debug|x86.Build.0 = Debug|x86
		{E0F038C2-8D3D-4BF9-8A30-0D5A37CEEFB6}.Release|Any CPU.ActiveCfg = Release|Any CPU
		{E0F038C2-8D3D-4BF9-8A30-0D5A37CEEFB6}.Release|Any CPU.Build.0 = Release|Any CPU
		{E0F038C2-8D3D-4BF9-8A30-0D5A37CEEFB6}.Release|x64.ActiveCfg = Release|x64
		{E0F038C2-8D3D-4BF9-8A30-0D5A37CEEFB6}.Release|x86.ActiveCfg = Release|Any CPU
		{E0F038C2-8D3D-4BF9-8A30-0D5A37CEEFB6}.Release|x86.Build.0 = Release|Any CPU
	EndGlobalSection
	GlobalSection(SolutionProperties) = preSolution
		HideSolutionNode = FALSE
	EndGlobalSection
	GlobalSection(ExtensibilityGlobals) = postSolution
		SolutionGuid = {A0E23A4B-C644-4965-BC70-45A5195D9BCE}
	EndGlobalSection
EndGlobal
