
Microsoft Visual Studio Solution File, Format Version 10.00
# Visual Studio 2008
Project("{8BC9CEB8-8B4A-11D0-8D11-00A0C91BC942}") = "qlXuatNhap", "qlXuatNhap\qlXuatNhap.vcproj", "{A16B17A9-B6AB-44BA-A4B6-287CAE24FCF6}"
EndProject
Global
	GlobalSection(SolutionConfigurationPlatforms) = preSolution
		Debug|Win32 = Debug|Win32
		Release|Win32 = Release|Win32
	EndGlobalSection
	GlobalSection(ProjectConfigurationPlatforms) = postSolution
		{A16B17A9-B6AB-44BA-A4B6-287CAE24FCF6}.Debug|Win32.ActiveCfg = Debug|Win32
		{A16B17A9-B6AB-44BA-A4B6-287CAE24FCF6}.Debug|Win32.Build.0 = Debug|Win32
		{A16B17A9-B6AB-44BA-A4B6-287CAE24FCF6}.Release|Win32.ActiveCfg = Release|Win32
		{A16B17A9-B6AB-44BA-A4B6-287CAE24FCF6}.Release|Win32.Build.0 = Release|Win32
	EndGlobalSection
	GlobalSection(SolutionProperties) = preSolution
		HideSolutionNode = FALSE
	EndGlobalSection
EndGlobal
