
Microsoft Visual Studio Solution File, Format Version 12.00
# Visual Studio Version 16
VisualStudioVersion = 16.0.30804.86
MinimumVisualStudioVersion = 10.0.40219.1
Project("{FAE04EC0-301F-11D3-BF4B-00C04F79EFBC}") = "WindowsFormsApp1", "WindowsFormsApp1.csproj", "{D0284321-A2D5-4875-B477-B7885CD78F2C}"
EndProject
Global
	GlobalSection(SolutionConfigurationPlatforms) = preSolution
		Debug|Any CPU = Debug|Any CPU
		Release|Any CPU = Release|Any CPU
	EndGlobalSection
	GlobalSection(ProjectConfigurationPlatforms) = postSolution
		{D0284321-A2D5-4875-B477-B7885CD78F2C}.Debug|Any CPU.ActiveCfg = Debug|Any CPU
		{D0284321-A2D5-4875-B477-B7885CD78F2C}.Debug|Any CPU.Build.0 = Debug|Any CPU
		{D0284321-A2D5-4875-B477-B7885CD78F2C}.Release|Any CPU.ActiveCfg = Release|Any CPU
		{D0284321-A2D5-4875-B477-B7885CD78F2C}.Release|Any CPU.Build.0 = Release|Any CPU
	EndGlobalSection
	GlobalSection(SolutionProperties) = preSolution
		HideSolutionNode = FALSE
	EndGlobalSection
	GlobalSection(ExtensibilityGlobals) = postSolution
		SolutionGuid = {64DFC114-0B79-49DF-B50A-B8E508B03A52}
	EndGlobalSection
EndGlobal
