
Microsoft Visual Studio Solution File, Format Version 12.00
# Visual Studio Version 17
VisualStudioVersion = 17.6.33815.320
MinimumVisualStudioVersion = 10.0.40219.1
Project("{FAE04EC0-301F-11D3-BF4B-00C04F79EFBC}") = "cleanerGUI", "cleanerGUI.csproj", "{83EBC543-028A-4A44-A3A6-5289AD35931E}"
EndProject
Global
	GlobalSection(SolutionConfigurationPlatforms) = preSolution
		Debug|Any CPU = Debug|Any CPU
		Release|Any CPU = Release|Any CPU
	EndGlobalSection
	GlobalSection(ProjectConfigurationPlatforms) = postSolution
		{83EBC543-028A-4A44-A3A6-5289AD35931E}.Debug|Any CPU.ActiveCfg = Debug|Any CPU
		{83EBC543-028A-4A44-A3A6-5289AD35931E}.Debug|Any CPU.Build.0 = Debug|Any CPU
		{83EBC543-028A-4A44-A3A6-5289AD35931E}.Release|Any CPU.ActiveCfg = Release|Any CPU
		{83EBC543-028A-4A44-A3A6-5289AD35931E}.Release|Any CPU.Build.0 = Release|Any CPU
	EndGlobalSection
	GlobalSection(SolutionProperties) = preSolution
		HideSolutionNode = FALSE
	EndGlobalSection
	GlobalSection(ExtensibilityGlobals) = postSolution
		SolutionGuid = {FCCF4C29-142A-44A4-AE70-D0D097D745E1}
	EndGlobalSection
EndGlobal
